
Microsoft Visual Studio Solution File, Format Version 12.00
# Visual Studio Version 17
VisualStudioVersion = 17.5.33424.131
MinimumVisualStudioVersion = 10.0.40219.1
Project("{9A19103F-16F7-4668-BE54-9A1E7A4F7556}") = "KVNO.TFS.Server", "KVNO.TFS\Server\KVNO.TFS.Server.csproj", "{052CEACC-84A9-4B87-98A5-8BC1F2CCF268}"
EndProject
Project("{9A19103F-16F7-4668-BE54-9A1E7A4F7556}") = "KVNO.TFS.Client", "KVNO.TFS\Client\KVNO.TFS.Client.csproj", "{3486A447-F654-4480-88AC-F829720C3C39}"
EndProject
Project("{9A19103F-16F7-4668-BE54-9A1E7A4F7556}") = "KVNO.TFS.Shared", "KVNO.TFS\Shared\KVNO.TFS.Shared.csproj", "{E4A50E1F-7CAA-407B-9857-14148D6B8A47}"
EndProject
Project("{9A19103F-16F7-4668-BE54-9A1E7A4F7556}") = "KVNO.TFS.Server.Tests", "KVNO.TFS.Tests\KVNO.TFS.Server.Tests.csproj", "{88836FF3-E847-454A-A933-8E5FBDBE0F41}"
EndProject
Project("{2150E333-8FDC-42A3-9474-1A3956D46DE8}") = "Client", "Client", "{AC13B4C3-652A-476F-A5D1-9471AF09B021}"
EndProject
Project("{2150E333-8FDC-42A3-9474-1A3956D46DE8}") = "Server", "Server", "{995A9EAC-4E51-4621-BB98-05DD7B360A11}"
EndProject
Project("{FAE04EC0-301F-11D3-BF4B-00C04F79EFBC}") = "KVNO.TFS.Client.Tests", "KVNO.TFS.Client.Tests\KVNO.TFS.Client.Tests.csproj", "{728FB2BF-3C2B-41E9-ADF7-D0D0E66FBC4F}"
EndProject
Global
	GlobalSection(SolutionConfigurationPlatforms) = preSolution
		Debug|Any CPU = Debug|Any CPU
		Release|Any CPU = Release|Any CPU
	EndGlobalSection
	GlobalSection(ProjectConfigurationPlatforms) = postSolution
		{052CEACC-84A9-4B87-98A5-8BC1F2CCF268}.Debug|Any CPU.ActiveCfg = Debug|Any CPU
		{052CEACC-84A9-4B87-98A5-8BC1F2CCF268}.Debug|Any CPU.Build.0 = Debug|Any CPU
		{052CEACC-84A9-4B87-98A5-8BC1F2CCF268}.Release|Any CPU.ActiveCfg = Release|Any CPU
		{052CEACC-84A9-4B87-98A5-8BC1F2CCF268}.Release|Any CPU.Build.0 = Release|Any CPU
		{3486A447-F654-4480-88AC-F829720C3C39}.Debug|Any CPU.ActiveCfg = Debug|Any CPU
		{3486A447-F654-4480-88AC-F829720C3C39}.Debug|Any CPU.Build.0 = Debug|Any CPU
		{3486A447-F654-4480-88AC-F829720C3C39}.Release|Any CPU.ActiveCfg = Release|Any CPU
		{3486A447-F654-4480-88AC-F829720C3C39}.Release|Any CPU.Build.0 = Release|Any CPU
		{E4A50E1F-7CAA-407B-9857-14148D6B8A47}.Debug|Any CPU.ActiveCfg = Debug|Any CPU
		{E4A50E1F-7CAA-407B-9857-14148D6B8A47}.Debug|Any CPU.Build.0 = Debug|Any CPU
		{E4A50E1F-7CAA-407B-9857-14148D6B8A47}.Release|Any CPU.ActiveCfg = Release|Any CPU
		{E4A50E1F-7CAA-407B-9857-14148D6B8A47}.Release|Any CPU.Build.0 = Release|Any CPU
		{88836FF3-E847-454A-A933-8E5FBDBE0F41}.Debug|Any CPU.ActiveCfg = Debug|Any CPU
		{88836FF3-E847-454A-A933-8E5FBDBE0F41}.Debug|Any CPU.Build.0 = Debug|Any CPU
		{88836FF3-E847-454A-A933-8E5FBDBE0F41}.Release|Any CPU.ActiveCfg = Release|Any CPU
		{88836FF3-E847-454A-A933-8E5FBDBE0F41}.Release|Any CPU.Build.0 = Release|Any CPU
		{728FB2BF-3C2B-41E9-ADF7-D0D0E66FBC4F}.Debug|Any CPU.ActiveCfg = Debug|Any CPU
		{728FB2BF-3C2B-41E9-ADF7-D0D0E66FBC4F}.Debug|Any CPU.Build.0 = Debug|Any CPU
		{728FB2BF-3C2B-41E9-ADF7-D0D0E66FBC4F}.Release|Any CPU.ActiveCfg = Release|Any CPU
		{728FB2BF-3C2B-41E9-ADF7-D0D0E66FBC4F}.Release|Any CPU.Build.0 = Release|Any CPU
	EndGlobalSection
	GlobalSection(SolutionProperties) = preSolution
		HideSolutionNode = FALSE
	EndGlobalSection
	GlobalSection(NestedProjects) = preSolution
		{052CEACC-84A9-4B87-98A5-8BC1F2CCF268} = {995A9EAC-4E51-4621-BB98-05DD7B360A11}
		{3486A447-F654-4480-88AC-F829720C3C39} = {AC13B4C3-652A-476F-A5D1-9471AF09B021}
		{88836FF3-E847-454A-A933-8E5FBDBE0F41} = {995A9EAC-4E51-4621-BB98-05DD7B360A11}
		{728FB2BF-3C2B-41E9-ADF7-D0D0E66FBC4F} = {AC13B4C3-652A-476F-A5D1-9471AF09B021}
	EndGlobalSection
	GlobalSection(ExtensibilityGlobals) = postSolution
		SolutionGuid = {B285D0B2-373A-4C40-AE4D-FFFFDE43D2A0}
	EndGlobalSection
EndGlobal
